{
  "lockfileVersion": 3,
  "name": "boarderframe-claude",
  "packages": {
    "": {
      "dependencies": {
        "@anthropic-ai/claude-code": "latest"
      },
      "name": "boarderframe-claude",
      "version": "0.1.0"
    },
    "node_modules/@anthropic-ai/claude-code": {
      "bin": {
        "claude": "cli.js"
      },
      "engines": {
        "node": ">=18.0.0"
      },
      "hasInstallScript": true,
      "integrity": "sha512-6p7RMXEcVfymsJ7v0GyMfA3gcD2AbFVSb9b1Py4tbxM2ensjyaSx3wVQW2QiFk+9mhoRkYc0ETVnJ1x/G0LW7g==",
      "license": "SEE LICENSE IN README.md",
      "optionalDependencies": {
        "@img/sharp-darwin-arm64": "^0.33.5",
        "@img/sharp-linux-arm": "^0.33.5",
        "@img/sharp-linux-x64": "^0.33.5",
        "@img/sharp-win32-x64": "^0.33.5"
      },
      "resolved": "https://registry.npmjs.org/@anthropic-ai/claude-code/-/claude-code-1.0.2.tgz",
      "version": "1.0.2"
    },
    "node_modules/@img/sharp-darwin-arm64": {
      "cpu": [
        "arm64"
      ],
      "engines": {
        "node": "^18.17.0 || ^20.3.0 || >=21.0.0"
      },
      "funding": {
        "url": "https://opencollective.com/libvips"
      },
      "integrity": "sha512-UT4p+iz/2H4twwAoLCqfA9UH5pI6DggwKEGuaPy7nCVQ8ZsiY5PIcrRvD1DzuY3qYL07NtIQcWnBSY/heikIFQ==",
      "license": "Apache-2.0",
      "optional": true,
      "optionalDependencies": {
        "@img/sharp-libvips-darwin-arm64": "1.0.4"
      },
      "os": [
        "darwin"
      ],
      "resolved": "https://registry.npmjs.org/@img/sharp-darwin-arm64/-/sharp-darwin-arm64-0.33.5.tgz",
      "version": "0.33.5"
    },
    "node_modules/@img/sharp-libvips-darwin-arm64": {
      "cpu": [
        "arm64"
      ],
      "funding": {
        "url": "https://opencollective.com/libvips"
      },
      "integrity": "sha512-XblONe153h0O2zuFfTAbQYAX2JhYmDHeWikp1LM9Hul9gVPjFY427k6dFEcOL72O01QxQsWi761svJ/ev9xEDg==",
      "license": "LGPL-3.0-or-later",
      "optional": true,
      "os": [
        "darwin"
      ],
      "resolved": "https://registry.npmjs.org/@img/sharp-libvips-darwin-arm64/-/sharp-libvips-darwin-arm64-1.0.4.tgz",
      "version": "1.0.4"
    },
    "node_modules/@img/sharp-libvips-linux-arm": {
      "cpu": [
        "arm"
      ],
      "funding": {
        "url": "https://opencollective.com/libvips"
      },
      "integrity": "sha512-gvcC4ACAOPRNATg/ov8/MnbxFDJqf/pDePbBnuBDcjsI8PssmjoKMAz4LtLaVi+OnSb5FK/yIOamqDwGmXW32g==",
      "license": "LGPL-3.0-or-later",
      "optional": true,
      "os": [
        "linux"
      ],
      "resolved": "https://registry.npmjs.org/@img/sharp-libvips-linux-arm/-/sharp-libvips-linux-arm-1.0.5.tgz",
      "version": "1.0.5"
    },
    "node_modules/@img/sharp-libvips-linux-x64": {
      "cpu": [
        "x64"
      ],
      "funding": {
        "url": "https://opencollective.com/libvips"
      },
      "integrity": "sha512-MmWmQ3iPFZr0Iev+BAgVMb3ZyC4KeFc3jFxnNbEPas60e1cIfevbtuyf9nDGIzOaW9PdnDciJm+wFFaTlj5xYw==",
      "license": "LGPL-3.0-or-later",
      "optional": true,
      "os": [
        "linux"
      ],
      "resolved": "https://registry.npmjs.org/@img/sharp-libvips-linux-x64/-/sharp-libvips-linux-x64-1.0.4.tgz",
      "version": "1.0.4"
    },
    "node_modules/@img/sharp-linux-arm": {
      "cpu": [
        "arm"
      ],
      "engines": {
        "node": "^18.17.0 || ^20.3.0 || >=21.0.0"
      },
      "funding": {
        "url": "https://opencollective.com/libvips"
      },
      "integrity": "sha512-JTS1eldqZbJxjvKaAkxhZmBqPRGmxgu+qFKSInv8moZ2AmT5Yib3EQ1c6gp493HvrvV8QgdOXdyaIBrhvFhBMQ==",
      "license": "Apache-2.0",
      "optional": true,
      "optionalDependencies": {
        "@img/sharp-libvips-linux-arm": "1.0.5"
      },
      "os": [
        "linux"
      ],
      "resolved": "https://registry.npmjs.org/@img/sharp-linux-arm/-/sharp-linux-arm-0.33.5.tgz",
      "version": "0.33.5"
    },
    "node_modules/@img/sharp-linux-x64": {
      "cpu": [
        "x64"
      ],
      "engines": {
        "node": "^18.17.0 || ^20.3.0 || >=21.0.0"
      },
      "funding": {
        "url": "https://opencollective.com/libvips"
      },
      "integrity": "sha512-opC+Ok5pRNAzuvq1AG0ar+1owsu842/Ab+4qvU879ippJBHvyY5n2mxF1izXqkPYlGuP/M556uh53jRLJmzTWA==",
      "license": "Apache-2.0",
      "optional": true,
      "optionalDependencies": {
        "@img/sharp-libvips-linux-x64": "1.0.4"
      },
      "os": [
        "linux"
      ],
      "resolved": "https://registry.npmjs.org/@img/sharp-linux-x64/-/sharp-linux-x64-0.33.5.tgz",
      "version": "0.33.5"
    },
    "node_modules/@img/sharp-win32-x64": {
      "cpu": [
        "x64"
      ],
      "engines": {
        "node": "^18.17.0 || ^20.3.0 || >=21.0.0"
      },
      "funding": {
        "url": "https://opencollective.com/libvips"
      },
      "integrity": "sha512-MpY/o8/8kj+EcnxwvrP4aTJSWw/aZ7JIGR4aBeZkZw5B7/Jn+tY9/VNwtcoGmdT7GfggGIU4kygOMSbYnOrAbg==",
      "license": "Apache-2.0 AND LGPL-3.0-or-later",
      "optional": true,
      "os": [
        "win32"
      ],
      "resolved": "https://registry.npmjs.org/@img/sharp-win32-x64/-/sharp-win32-x64-0.33.5.tgz",
      "version": "0.33.5"
    }
  },
  "requires": true,
  "version": "0.1.0"
}
